
Microsoft Visual Studio Solution File, Format Version 12.00
# Visual Studio Version 17
VisualStudioVersion = 17.2.32616.157
MinimumVisualStudioVersion = 10.0.40219.1
Project("{FAE04EC0-301F-11D3-BF4B-00C04F79EFBC}") = "MontyHallProject", "MontyHallProject\MontyHallProject.csproj", "{3AF38C20-3E29-4DA0-B332-AFC514142680}"
EndProject
Global
	GlobalSection(SolutionConfigurationPlatforms) = preSolution
		Debug|Any CPU = Debug|Any CPU
		Release|Any CPU = Release|Any CPU
	EndGlobalSection
	GlobalSection(ProjectConfigurationPlatforms) = postSolution
		{3AF38C20-3E29-4DA0-B332-AFC514142680}.Debug|Any CPU.ActiveCfg = Debug|Any CPU
		{3AF38C20-3E29-4DA0-B332-AFC514142680}.Debug|Any CPU.Build.0 = Debug|Any CPU
		{3AF38C20-3E29-4DA0-B332-AFC514142680}.Release|Any CPU.ActiveCfg = Release|Any CPU
		{3AF38C20-3E29-4DA0-B332-AFC514142680}.Release|Any CPU.Build.0 = Release|Any CPU
	EndGlobalSection
	GlobalSection(SolutionProperties) = preSolution
		HideSolutionNode = FALSE
	EndGlobalSection
	GlobalSection(ExtensibilityGlobals) = postSolution
		SolutionGuid = {326BD5B4-1E77-4074-8865-842D9A099E78}
	EndGlobalSection
EndGlobal
